// !$*UTF8*$!
{
	archiveVersion = 1;
	classes = {
	};
	objectVersion = 46;
	objects = {

/* Begin PBXGroup section */
		52920F1E1EF1E2D100B9F87C = {
			isa = PBXGroup;
			children = (
			);
			sourceTree = "<group>";
		};
/* End PBXGroup section */

/* Begin PBXProject section */
		52920F1F1EF1E2D100B9F87C /* Project object */ = {
			isa = PBXProject;
			attributes = {
				LastUpgradeCheck = 0830;
			};
			buildConfigurationList = 52920F221EF1E2D100B9F87C /* Build configuration list for PBXProject "TKOKit" */;
			compatibilityVersion = "Xcode 3.2";
			developmentRegion = English;
			hasScannedForEncodings = 0;
			knownRegions = (
				en,
			);
			mainGroup = 52920F1E1EF1E2D100B9F87C;
			projectDirPath = "";
			projectRoot = "";
			targets = (
			);
		};
/* End PBXProject section */

/* Begin XCBuildConfiguration section */
		52920F231EF1E2D100B9F87C /* Debug */ = {
			isa = XCBuildConfiguration;
			buildSettings = {
			};
			name = Debug;
		};
		52920F241EF1E2D100B9F87C /* Release */ = {
			isa = XCBuildConfiguration;
			buildSettings = {
			};
			name = Release;
		};
/* End XCBuildConfiguration section */

/* Begin XCConfigurationList section */
		52920F221EF1E2D100B9F87C /* Build configuration list for PBXProject "TKOKit" */ = {
			isa = XCConfigurationList;
			buildConfigurations = (
				52920F231EF1E2D100B9F87C /* Debug */,
				52920F241EF1E2D100B9F87C /* Release */,
			);
			defaultConfigurationIsVisible = 0;
			defaultConfigurationName = Release;
		};
/* End XCConfigurationList section */
	};
	rootObject = 52920F1F1EF1E2D100B9F87C /* Project object */;
}
